
Microsoft Visual Studio Solution File, Format Version 12.00
# Visual Studio Version 17
VisualStudioVersion = 17.10.35013.160
MinimumVisualStudioVersion = 10.0.40219.1
Project("{FAE04EC0-301F-11D3-BF4B-00C04F79EFBC}") = "GeometryLibrary", "GeometryLibrary.csproj", "{D0CA508C-D836-4F6D-9D6D-1441FB494779}"
EndProject
Project("{2150E333-8FDC-42A3-9474-1A3956D46DE8}") = "Tests", "Tests", "{1181AF04-1628-43FE-984D-5BD68DA0EB2E}"
EndProject
Project("{FAE04EC0-301F-11D3-BF4B-00C04F79EFBC}") = "Test.GeometryTool", "..\Test.GeometryTool\Test.GeometryTool.csproj", "{2449901F-A702-4692-8FE8-D6382C6B1817}"
EndProject
Global
	GlobalSection(SolutionConfigurationPlatforms) = preSolution
		Debug|Any CPU = Debug|Any CPU
		Release|Any CPU = Release|Any CPU
	EndGlobalSection
	GlobalSection(ProjectConfigurationPlatforms) = postSolution
		{D0CA508C-D836-4F6D-9D6D-1441FB494779}.Debug|Any CPU.ActiveCfg = Debug|Any CPU
		{D0CA508C-D836-4F6D-9D6D-1441FB494779}.Debug|Any CPU.Build.0 = Debug|Any CPU
		{D0CA508C-D836-4F6D-9D6D-1441FB494779}.Release|Any CPU.ActiveCfg = Release|Any CPU
		{D0CA508C-D836-4F6D-9D6D-1441FB494779}.Release|Any CPU.Build.0 = Release|Any CPU
		{2449901F-A702-4692-8FE8-D6382C6B1817}.Debug|Any CPU.ActiveCfg = Debug|Any CPU
		{2449901F-A702-4692-8FE8-D6382C6B1817}.Debug|Any CPU.Build.0 = Debug|Any CPU
		{2449901F-A702-4692-8FE8-D6382C6B1817}.Release|Any CPU.ActiveCfg = Release|Any CPU
		{2449901F-A702-4692-8FE8-D6382C6B1817}.Release|Any CPU.Build.0 = Release|Any CPU
	EndGlobalSection
	GlobalSection(SolutionProperties) = preSolution
		HideSolutionNode = FALSE
	EndGlobalSection
	GlobalSection(NestedProjects) = preSolution
		{2449901F-A702-4692-8FE8-D6382C6B1817} = {1181AF04-1628-43FE-984D-5BD68DA0EB2E}
	EndGlobalSection
	GlobalSection(ExtensibilityGlobals) = postSolution
		SolutionGuid = {D75C5557-3C56-4257-A769-55331C7D7CAD}
	EndGlobalSection
EndGlobal
